
Microsoft Visual Studio Solution File, Format Version 12.00
# Visual Studio Version 17
VisualStudioVersion = 17.4.33122.133
MinimumVisualStudioVersion = 10.0.40219.1
Project("{FAE04EC0-301F-11D3-BF4B-00C04F79EFBC}") = "RunGroupWebApp", "RunGroupWebApp\RunGroupWebApp.csproj", "{6AF7D72A-6DB3-4E4D-BE49-1452BA0C527C}"
EndProject
Global
	GlobalSection(SolutionConfigurationPlatforms) = preSolution
		Debug|Any CPU = Debug|Any CPU
		Release|Any CPU = Release|Any CPU
	EndGlobalSection
	GlobalSection(ProjectConfigurationPlatforms) = postSolution
		{6AF7D72A-6DB3-4E4D-BE49-1452BA0C527C}.Debug|Any CPU.ActiveCfg = Debug|Any CPU
		{6AF7D72A-6DB3-4E4D-BE49-1452BA0C527C}.Debug|Any CPU.Build.0 = Debug|Any CPU
		{6AF7D72A-6DB3-4E4D-BE49-1452BA0C527C}.Release|Any CPU.ActiveCfg = Release|Any CPU
		{6AF7D72A-6DB3-4E4D-BE49-1452BA0C527C}.Release|Any CPU.Build.0 = Release|Any CPU
	EndGlobalSection
	GlobalSection(SolutionProperties) = preSolution
		HideSolutionNode = FALSE
	EndGlobalSection
	GlobalSection(ExtensibilityGlobals) = postSolution
		SolutionGuid = {59002A45-036F-46D4-B39C-463ED6C7D5E4}
	EndGlobalSection
EndGlobal
